
Microsoft Visual Studio Solution File, Format Version 12.00
# Visual Studio Version 16
VisualStudioVersion = 16.0.30128.74
MinimumVisualStudioVersion = 10.0.40219.1
Project("{FAE04EC0-301F-11D3-BF4B-00C04F79EFBC}") = "lab3_trpo", "lab3_trpo.csproj", "{438960D4-F59D-4228-AF12-7B6380F1DE88}"
EndProject
Global
	GlobalSection(SolutionConfigurationPlatforms) = preSolution
		Debug|Any CPU = Debug|Any CPU
		Release|Any CPU = Release|Any CPU
	EndGlobalSection
	GlobalSection(ProjectConfigurationPlatforms) = postSolution
		{438960D4-F59D-4228-AF12-7B6380F1DE88}.Debug|Any CPU.ActiveCfg = Debug|Any CPU
		{438960D4-F59D-4228-AF12-7B6380F1DE88}.Debug|Any CPU.Build.0 = Debug|Any CPU
		{438960D4-F59D-4228-AF12-7B6380F1DE88}.Release|Any CPU.ActiveCfg = Release|Any CPU
		{438960D4-F59D-4228-AF12-7B6380F1DE88}.Release|Any CPU.Build.0 = Release|Any CPU
	EndGlobalSection
	GlobalSection(SolutionProperties) = preSolution
		HideSolutionNode = FALSE
	EndGlobalSection
	GlobalSection(ExtensibilityGlobals) = postSolution
		SolutionGuid = {10A84857-9FFF-4322-9D23-C16D210A4297}
	EndGlobalSection
EndGlobal
